
Microsoft Visual Studio Solution File, Format Version 12.00
# Visual Studio Version 17
VisualStudioVersion = 17.4.33205.214
MinimumVisualStudioVersion = 10.0.40219.1
Project("{FAE04EC0-301F-11D3-BF4B-00C04F79EFBC}") = "customspawnrate", "customspawnrate.csproj", "{E7072BAA-5E5C-47ED-9DBE-D75FBC1EE066}"
EndProject
Global
	GlobalSection(SolutionConfigurationPlatforms) = preSolution
		Debug|Any CPU = Debug|Any CPU
		Release|Any CPU = Release|Any CPU
	EndGlobalSection
	GlobalSection(ProjectConfigurationPlatforms) = postSolution
		{E7072BAA-5E5C-47ED-9DBE-D75FBC1EE066}.Debug|Any CPU.ActiveCfg = Debug|Any CPU
		{E7072BAA-5E5C-47ED-9DBE-D75FBC1EE066}.Debug|Any CPU.Build.0 = Debug|Any CPU
		{E7072BAA-5E5C-47ED-9DBE-D75FBC1EE066}.Release|Any CPU.ActiveCfg = Release|Any CPU
		{E7072BAA-5E5C-47ED-9DBE-D75FBC1EE066}.Release|Any CPU.Build.0 = Release|Any CPU
	EndGlobalSection
	GlobalSection(SolutionProperties) = preSolution
		HideSolutionNode = FALSE
	EndGlobalSection
	GlobalSection(ExtensibilityGlobals) = postSolution
		SolutionGuid = {17390A2C-D7C5-4EEC-9510-939A94D60244}
	EndGlobalSection
EndGlobal
